// !$*UTF8*$!
{
	archiveVersion = 1;
	classes = {
	};
	objectVersion = 52;
	objects = {

/* Begin PBXBuildFile section */
		20636BDDDBEF4EAE9CCE9D9E /* amplifyconfiguration.json in Resources */ = {isa = PBXBuildFile; fileRef = ECA1CF04DB754255822691F2 /* amplifyconfiguration.json */; };
		684E2F2D3FCC4D36AC68E57D /* AWSCategory+Schema.swift in Sources */ = {isa = PBXBuildFile; fileRef = 551BA45F30D640118D2F0CE2 /* AWSCategory+Schema.swift */; };
		91739DEB2622D2A7000F982A /* AddURLView.swift in Sources */ = {isa = PBXBuildFile; fileRef = 91739DEA2622D2A7000F982A /* AddURLView.swift */; };
		91C8958926228D1500689196 /* Tweet.swift in Sources */ = {isa = PBXBuildFile; fileRef = 91C8958826228D1500689196 /* Tweet.swift */; };
		940E3C62272648310038D6AC /* CategorySheetViewModel.swift in Sources */ = {isa = PBXBuildFile; fileRef = 940E3C61272648310038D6AC /* CategorySheetViewModel.swift */; };
		9C9314E5631F4C39AA06BF35 /* awsconfiguration.json in Resources */ = {isa = PBXBuildFile; fileRef = DA7D79B731BC4ECFAAE8E817 /* awsconfiguration.json */; };
		A205CD422622A3EB00517DB5 /* TweetList.swift in Sources */ = {isa = PBXBuildFile; fileRef = A205CD412622A3EB00517DB5 /* TweetList.swift */; };
		A224A9E62622BCED00AC12AF /* TweetCard.swift in Sources */ = {isa = PBXBuildFile; fileRef = A224A9E52622BCED00AC12AF /* TweetCard.swift */; };
		A2F4498C2622802B00725FEA /* CategoryRow.swift in Sources */ = {isa = PBXBuildFile; fileRef = A2F4498B2622802B00725FEA /* CategoryRow.swift */; };
		A2F449912622829D00725FEA /* CategoryList.swift in Sources */ = {isa = PBXBuildFile; fileRef = A2F449902622829D00725FEA /* CategoryList.swift */; };
		C0DAFC52B24C456EAE5AEF21 /* AWSCategory.swift in Sources */ = {isa = PBXBuildFile; fileRef = 63D0518628EF45A382F08352 /* AWSCategory.swift */; };
		C4392E80BFE640DAA2625F9D /* AWSTweet+Schema.swift in Sources */ = {isa = PBXBuildFile; fileRef = CC43813A9098469FB57F5871 /* AWSTweet+Schema.swift */; };
		CA80832580B84CB3A2D5F629 /* AmplifyModels.swift in Sources */ = {isa = PBXBuildFile; fileRef = 14F5BDE61EAA4A2DB9030734 /* AmplifyModels.swift */; };
		CF16AFB9BE3F401E98C85114 /* AWSTweet.swift in Sources */ = {isa = PBXBuildFile; fileRef = 0AA54EDF3B34443CA9D530E5 /* AWSTweet.swift */; };
		D3D5E0E5271C811E00752DCD /* InfoViewModel.swift in Sources */ = {isa = PBXBuildFile; fileRef = D3D5E0E4271C811E00752DCD /* InfoViewModel.swift */; };
		D3D5E0E7271C812200752DCD /* InfoView.swift in Sources */ = {isa = PBXBuildFile; fileRef = D3D5E0E6271C812200752DCD /* InfoView.swift */; };
		D3F7C2EB27173EAC00DB87D9 /* String+Ext.swift in Sources */ = {isa = PBXBuildFile; fileRef = D3F7C2EA27173EAC00DB87D9 /* String+Ext.swift */; };
		DB64F8A52726BD5D00361E86 /* Contributor.swift in Sources */ = {isa = PBXBuildFile; fileRef = DB64F8A42726BD5D00361E86 /* Contributor.swift */; };
		DB64F8A727270A9B00361E86 /* ContributorProfileView.swift in Sources */ = {isa = PBXBuildFile; fileRef = DB64F8A627270A9B00361E86 /* ContributorProfileView.swift */; };
		DB8D63F92767B83B0065A429 /* Localizable.strings in Resources */ = {isa = PBXBuildFile; fileRef = DB8D63FB2767B83B0065A429 /* Localizable.strings */; };
		DB8D63FE2767C3D20065A429 /* Localizable.strings in Resources */ = {isa = PBXBuildFile; fileRef = DB8D64002767C3D20065A429 /* Localizable.strings */; };
		DBF50B54272467CF000D8B25 /* ContributorsListView.swift in Sources */ = {isa = PBXBuildFile; fileRef = DBF50B51272467CF000D8B25 /* ContributorsListView.swift */; };
		DBF50B55272467CF000D8B25 /* SettingsView.swift in Sources */ = {isa = PBXBuildFile; fileRef = DBF50B52272467CF000D8B25 /* SettingsView.swift */; };
		DBF50B56272467CF000D8B25 /* SettingsViewModel.swift in Sources */ = {isa = PBXBuildFile; fileRef = DBF50B53272467CF000D8B25 /* SettingsViewModel.swift */; };
		FF21986F269FE57D00FFB406 /* AsyncImage.swift in Sources */ = {isa = PBXBuildFile; fileRef = FF21986E269FE57D00FFB406 /* AsyncImage.swift */; };
		FF36B661262357F9007A6D7F /* AWSCategory+Extension.swift in Sources */ = {isa = PBXBuildFile; fileRef = FF36B660262357F9007A6D7F /* AWSCategory+Extension.swift */; };
		FF36B66C26235FE6007A6D7F /* TweetListViewModel.swift in Sources */ = {isa = PBXBuildFile; fileRef = FF36B66B26235FE6007A6D7F /* TweetListViewModel.swift */; };
		FF36B6712623678D007A6D7F /* AWSTweet+Extension.swift in Sources */ = {isa = PBXBuildFile; fileRef = FF36B6702623678D007A6D7F /* AWSTweet+Extension.swift */; };
		FF394316262FCF3900A3623B /* User.swift in Sources */ = {isa = PBXBuildFile; fileRef = FF394315262FCF3900A3623B /* User.swift */; };
		FF39431B262FCF4E00A3623B /* Includes.swift in Sources */ = {isa = PBXBuildFile; fileRef = FF39431A262FCF4E00A3623B /* Includes.swift */; };
		FF394320262FCF6100A3623B /* Response.swift in Sources */ = {isa = PBXBuildFile; fileRef = FF39431F262FCF6100A3623B /* Response.swift */; };
		FF59902B2622C1CE004DF328 /* Amplify in Frameworks */ = {isa = PBXBuildFile; productRef = FF59902A2622C1CE004DF328 /* Amplify */; };
		FF59902D2622C1CE004DF328 /* AWSAPIPlugin in Frameworks */ = {isa = PBXBuildFile; productRef = FF59902C2622C1CE004DF328 /* AWSAPIPlugin */; };
		FF59902F2622C1CE004DF328 /* AWSDataStorePlugin in Frameworks */ = {isa = PBXBuildFile; productRef = FF59902E2622C1CE004DF328 /* AWSDataStorePlugin */; };
		FF5990692622DD61004DF328 /* DataStoreManager.swift in Sources */ = {isa = PBXBuildFile; fileRef = FF5990682622DD61004DF328 /* DataStoreManager.swift */; };
		FF6DCBF22623530400EC366F /* CategoryListViewModel.swift in Sources */ = {isa = PBXBuildFile; fileRef = FF6DCBF12623530400EC366F /* CategoryListViewModel.swift */; };
		FFBD2094269E7D090015131F /* AddURLViewModel.swift in Sources */ = {isa = PBXBuildFile; fileRef = FFBD2093269E7D090015131F /* AddURLViewModel.swift */; };
		FFCB1097263E31D400544309 /* ReturnedTweet.swift in Sources */ = {isa = PBXBuildFile; fileRef = FFCB1096263E31D300544309 /* ReturnedTweet.swift */; };
		FFCB1099263E3E2D00544309 /* CategorySheetView.swift in Sources */ = {isa = PBXBuildFile; fileRef = FFCB1098263E3E2D00544309 /* CategorySheetView.swift */; };
		FFE079F627066FE30022EC61 /* Secrets-Example.swift in Sources */ = {isa = PBXBuildFile; fileRef = FFE079F527066FE30022EC61 /* Secrets-Example.swift */; };
		FFEB1B5826A9F9C300682C37 /* Alert.swift in Sources */ = {isa = PBXBuildFile; fileRef = FFEB1B5726A9F9C300682C37 /* Alert.swift */; };
		FFEBBB3A26223F75000F475F /* brain_marksApp.swift in Sources */ = {isa = PBXBuildFile; fileRef = FFEBBB3926223F75000F475F /* brain_marksApp.swift */; };
		FFEBBB3C26223F75000F475F /* ContentView.swift in Sources */ = {isa = PBXBuildFile; fileRef = FFEBBB3B26223F75000F475F /* ContentView.swift */; };
		FFEBBB3E26223F7E000F475F /* Assets.xcassets in Resources */ = {isa = PBXBuildFile; fileRef = FFEBBB3D26223F7E000F475F /* Assets.xcassets */; };
		FFEBBB4126223F7E000F475F /* Preview Assets.xcassets in Resources */ = {isa = PBXBuildFile; fileRef = FFEBBB4026223F7E000F475F /* Preview Assets.xcassets */; };
		FFEBBB4C26223F7F000F475F /* brain_marksTests.swift in Sources */ = {isa = PBXBuildFile; fileRef = FFEBBB4B26223F7F000F475F /* brain_marksTests.swift */; };
		FFEBBB5726223F7F000F475F /* brain_marksUITests.swift in Sources */ = {isa = PBXBuildFile; fileRef = FFEBBB5626223F7F000F475F /* brain_marksUITests.swift */; };
		FFEBBB7626226A39000F475F /* Secrets.swift in Sources */ = {isa = PBXBuildFile; fileRef = FFEBBB7526226A39000F475F /* Secrets.swift */; };
/* End PBXBuildFile section */

/* Begin PBXContainerItemProxy section */
		FFEBBB4826223F7F000F475F /* PBXContainerItemProxy */ = {
			isa = PBXContainerItemProxy;
			containerPortal = FFEBBB2E26223F75000F475F /* Project object */;
			proxyType = 1;
			remoteGlobalIDString = FFEBBB3526223F75000F475F;
			remoteInfo = "brain-marks";
		};
		FFEBBB5326223F7F000F475F /* PBXContainerItemProxy */ = {
			isa = PBXContainerItemProxy;
			containerPortal = FFEBBB2E26223F75000F475F /* Project object */;
			proxyType = 1;
			remoteGlobalIDString = FFEBBB3526223F75000F475F;
			remoteInfo = "brain-marks";
		};
/* End PBXContainerItemProxy section */

/* Begin PBXFileReference section */
		0AA54EDF3B34443CA9D530E5 /* AWSTweet.swift */ = {isa = PBXFileReference; explicitFileType = undefined; fileEncoding = 4; includeInIndex = 0; lastKnownFileType = sourcecode.swift; name = AWSTweet.swift; path = amplify/generated/models/AWSTweet.swift; sourceTree = "<group>"; };
		14F5BDE61EAA4A2DB9030734 /* AmplifyModels.swift */ = {isa = PBXFileReference; explicitFileType = undefined; fileEncoding = 4; includeInIndex = 0; lastKnownFileType = sourcecode.swift; name = AmplifyModels.swift; path = amplify/generated/models/AmplifyModels.swift; sourceTree = "<group>"; };
		1E886624D4EE4F64B9160A75 /* amplifytools.xcconfig */ = {isa = PBXFileReference; explicitFileType = undefined; fileEncoding = 4; includeInIndex = 0; lastKnownFileType = text.xcconfig; path = amplifytools.xcconfig; sourceTree = "<group>"; };
		551BA45F30D640118D2F0CE2 /* AWSCategory+Schema.swift */ = {isa = PBXFileReference; explicitFileType = undefined; fileEncoding = 4; includeInIndex = 0; lastKnownFileType = sourcecode.swift; name = "AWSCategory+Schema.swift"; path = "amplify/generated/models/AWSCategory+Schema.swift"; sourceTree = "<group>"; };
		63D0518628EF45A382F08352 /* AWSCategory.swift */ = {isa = PBXFileReference; explicitFileType = undefined; fileEncoding = 4; includeInIndex = 0; lastKnownFileType = sourcecode.swift; name = AWSCategory.swift; path = amplify/generated/models/AWSCategory.swift; sourceTree = "<group>"; };
		91739DEA2622D2A7000F982A /* AddURLView.swift */ = {isa = PBXFileReference; lastKnownFileType = sourcecode.swift; path = AddURLView.swift; sourceTree = "<group>"; };
		91C8958826228D1500689196 /* Tweet.swift */ = {isa = PBXFileReference; lastKnownFileType = sourcecode.swift; path = Tweet.swift; sourceTree = "<group>"; };
		940E3C61272648310038D6AC /* CategorySheetViewModel.swift */ = {isa = PBXFileReference; lastKnownFileType = sourcecode.swift; path = CategorySheetViewModel.swift; sourceTree = "<group>"; };
		A205CD412622A3EB00517DB5 /* TweetList.swift */ = {isa = PBXFileReference; lastKnownFileType = sourcecode.swift; path = TweetList.swift; sourceTree = "<group>"; };
		A224A9E52622BCED00AC12AF /* TweetCard.swift */ = {isa = PBXFileReference; lastKnownFileType = sourcecode.swift; path = TweetCard.swift; sourceTree = "<group>"; };
		A2F4498B2622802B00725FEA /* CategoryRow.swift */ = {isa = PBXFileReference; lastKnownFileType = sourcecode.swift; path = CategoryRow.swift; sourceTree = "<group>"; };
		A2F449902622829D00725FEA /* CategoryList.swift */ = {isa = PBXFileReference; lastKnownFileType = sourcecode.swift; path = CategoryList.swift; sourceTree = "<group>"; };
		C952B4BEC598452A8FAD1731 /* schema.graphql */ = {isa = PBXFileReference; explicitFileType = undefined; fileEncoding = 4; includeInIndex = 0; lastKnownFileType = text; name = schema.graphql; path = amplify/backend/api/amplifyDatasource/schema.graphql; sourceTree = "<group>"; };
		CC43813A9098469FB57F5871 /* AWSTweet+Schema.swift */ = {isa = PBXFileReference; explicitFileType = undefined; fileEncoding = 4; includeInIndex = 0; lastKnownFileType = sourcecode.swift; name = "AWSTweet+Schema.swift"; path = "amplify/generated/models/AWSTweet+Schema.swift"; sourceTree = "<group>"; };
		D3D5E0E4271C811E00752DCD /* InfoViewModel.swift */ = {isa = PBXFileReference; lastKnownFileType = sourcecode.swift; path = InfoViewModel.swift; sourceTree = "<group>"; };
		D3D5E0E6271C812200752DCD /* InfoView.swift */ = {isa = PBXFileReference; lastKnownFileType = sourcecode.swift; path = InfoView.swift; sourceTree = "<group>"; };
		D3F7C2EA27173EAC00DB87D9 /* String+Ext.swift */ = {isa = PBXFileReference; lastKnownFileType = sourcecode.swift; path = "String+Ext.swift"; sourceTree = "<group>"; };
		DA7D79B731BC4ECFAAE8E817 /* awsconfiguration.json */ = {isa = PBXFileReference; explicitFileType = undefined; fileEncoding = 9; includeInIndex = 0; lastKnownFileType = unknown; path = awsconfiguration.json; sourceTree = "<group>"; };
		DB64F8A42726BD5D00361E86 /* Contributor.swift */ = {isa = PBXFileReference; lastKnownFileType = sourcecode.swift; path = Contributor.swift; sourceTree = "<group>"; };
		DB64F8A627270A9B00361E86 /* ContributorProfileView.swift */ = {isa = PBXFileReference; lastKnownFileType = sourcecode.swift; path = ContributorProfileView.swift; sourceTree = "<group>"; };
		DB8D63FA2767B83B0065A429 /* en */ = {isa = PBXFileReference; lastKnownFileType = text.plist.strings; name = en; path = en.lproj/Localizable.strings; sourceTree = "<group>"; };
		DB8D63FF2767C3D20065A429 /* de */ = {isa = PBXFileReference; lastKnownFileType = text.plist.strings; name = de; path = de.lproj/Localizable.strings; sourceTree = "<group>"; };
		DBF50B51272467CF000D8B25 /* ContributorsListView.swift */ = {isa = PBXFileReference; fileEncoding = 4; lastKnownFileType = sourcecode.swift; path = ContributorsListView.swift; sourceTree = "<group>"; };
		DBF50B52272467CF000D8B25 /* SettingsView.swift */ = {isa = PBXFileReference; fileEncoding = 4; lastKnownFileType = sourcecode.swift; path = SettingsView.swift; sourceTree = "<group>"; };
		DBF50B53272467CF000D8B25 /* SettingsViewModel.swift */ = {isa = PBXFileReference; fileEncoding = 4; lastKnownFileType = sourcecode.swift; path = SettingsViewModel.swift; sourceTree = "<group>"; };
		ECA1CF04DB754255822691F2 /* amplifyconfiguration.json */ = {isa = PBXFileReference; explicitFileType = undefined; fileEncoding = 9; includeInIndex = 0; lastKnownFileType = unknown; path = amplifyconfiguration.json; sourceTree = "<group>"; };
		FF21986E269FE57D00FFB406 /* AsyncImage.swift */ = {isa = PBXFileReference; lastKnownFileType = sourcecode.swift; path = AsyncImage.swift; sourceTree = "<group>"; };
		FF36B660262357F9007A6D7F /* AWSCategory+Extension.swift */ = {isa = PBXFileReference; lastKnownFileType = sourcecode.swift; path = "AWSCategory+Extension.swift"; sourceTree = "<group>"; };
		FF36B66B26235FE6007A6D7F /* TweetListViewModel.swift */ = {isa = PBXFileReference; lastKnownFileType = sourcecode.swift; path = TweetListViewModel.swift; sourceTree = "<group>"; };
		FF36B6702623678D007A6D7F /* AWSTweet+Extension.swift */ = {isa = PBXFileReference; lastKnownFileType = sourcecode.swift; path = "AWSTweet+Extension.swift"; sourceTree = "<group>"; };
		FF394315262FCF3900A3623B /* User.swift */ = {isa = PBXFileReference; lastKnownFileType = sourcecode.swift; path = User.swift; sourceTree = "<group>"; };
		FF39431A262FCF4E00A3623B /* Includes.swift */ = {isa = PBXFileReference; lastKnownFileType = sourcecode.swift; path = Includes.swift; sourceTree = "<group>"; };
		FF39431F262FCF6100A3623B /* Response.swift */ = {isa = PBXFileReference; lastKnownFileType = sourcecode.swift; path = Response.swift; sourceTree = "<group>"; };
		FF5990682622DD61004DF328 /* DataStoreManager.swift */ = {isa = PBXFileReference; lastKnownFileType = sourcecode.swift; path = DataStoreManager.swift; sourceTree = "<group>"; };
		FF6DCBF12623530400EC366F /* CategoryListViewModel.swift */ = {isa = PBXFileReference; lastKnownFileType = sourcecode.swift; path = CategoryListViewModel.swift; sourceTree = "<group>"; };
		FFBD2093269E7D090015131F /* AddURLViewModel.swift */ = {isa = PBXFileReference; lastKnownFileType = sourcecode.swift; path = AddURLViewModel.swift; sourceTree = "<group>"; };
		FFCB1096263E31D300544309 /* ReturnedTweet.swift */ = {isa = PBXFileReference; lastKnownFileType = sourcecode.swift; path = ReturnedTweet.swift; sourceTree = "<group>"; };
		FFCB1098263E3E2D00544309 /* CategorySheetView.swift */ = {isa = PBXFileReference; lastKnownFileType = sourcecode.swift; path = CategorySheetView.swift; sourceTree = "<group>"; };
		FFE079F527066FE30022EC61 /* Secrets-Example.swift */ = {isa = PBXFileReference; lastKnownFileType = sourcecode.swift; path = "Secrets-Example.swift"; sourceTree = "<group>"; };
		FFEB1B5726A9F9C300682C37 /* Alert.swift */ = {isa = PBXFileReference; lastKnownFileType = sourcecode.swift; path = Alert.swift; sourceTree = "<group>"; };
		FFEBBB3626223F75000F475F /* brain-marks.app */ = {isa = PBXFileReference; explicitFileType = wrapper.application; includeInIndex = 0; path = "brain-marks.app"; sourceTree = BUILT_PRODUCTS_DIR; };
		FFEBBB3926223F75000F475F /* brain_marksApp.swift */ = {isa = PBXFileReference; lastKnownFileType = sourcecode.swift; path = brain_marksApp.swift; sourceTree = "<group>"; };
		FFEBBB3B26223F75000F475F /* ContentView.swift */ = {isa = PBXFileReference; lastKnownFileType = sourcecode.swift; path = ContentView.swift; sourceTree = "<group>"; };
		FFEBBB3D26223F7E000F475F /* Assets.xcassets */ = {isa = PBXFileReference; lastKnownFileType = folder.assetcatalog; path = Assets.xcassets; sourceTree = "<group>"; };
		FFEBBB4026223F7E000F475F /* Preview Assets.xcassets */ = {isa = PBXFileReference; lastKnownFileType = folder.assetcatalog; path = "Preview Assets.xcassets"; sourceTree = "<group>"; };
		FFEBBB4226223F7E000F475F /* Info.plist */ = {isa = PBXFileReference; lastKnownFileType = text.plist.xml; path = Info.plist; sourceTree = "<group>"; };
		FFEBBB4726223F7F000F475F /* brain-marksTests.xctest */ = {isa = PBXFileReference; explicitFileType = wrapper.cfbundle; includeInIndex = 0; path = "brain-marksTests.xctest"; sourceTree = BUILT_PRODUCTS_DIR; };
		FFEBBB4B26223F7F000F475F /* brain_marksTests.swift */ = {isa = PBXFileReference; lastKnownFileType = sourcecode.swift; path = brain_marksTests.swift; sourceTree = "<group>"; };
		FFEBBB4D26223F7F000F475F /* Info.plist */ = {isa = PBXFileReference; lastKnownFileType = text.plist.xml; path = Info.plist; sourceTree = "<group>"; };
		FFEBBB5226223F7F000F475F /* brain-marksUITests.xctest */ = {isa = PBXFileReference; explicitFileType = wrapper.cfbundle; includeInIndex = 0; path = "brain-marksUITests.xctest"; sourceTree = BUILT_PRODUCTS_DIR; };
		FFEBBB5626223F7F000F475F /* brain_marksUITests.swift */ = {isa = PBXFileReference; lastKnownFileType = sourcecode.swift; path = brain_marksUITests.swift; sourceTree = "<group>"; };
		FFEBBB5826223F7F000F475F /* Info.plist */ = {isa = PBXFileReference; lastKnownFileType = text.plist.xml; path = Info.plist; sourceTree = "<group>"; };
		FFEBBB7526226A39000F475F /* Secrets.swift */ = {isa = PBXFileReference; lastKnownFileType = sourcecode.swift; path = Secrets.swift; sourceTree = "<group>"; };
/* End PBXFileReference section */

/* Begin PBXFrameworksBuildPhase section */
		FFEBBB3326223F75000F475F /* Frameworks */ = {
			isa = PBXFrameworksBuildPhase;
			buildActionMask = 2147483647;
			files = (
				FF59902F2622C1CE004DF328 /* AWSDataStorePlugin in Frameworks */,
				FF59902D2622C1CE004DF328 /* AWSAPIPlugin in Frameworks */,
				FF59902B2622C1CE004DF328 /* Amplify in Frameworks */,
			);
			runOnlyForDeploymentPostprocessing = 0;
		};
		FFEBBB4426223F7F000F475F /* Frameworks */ = {
			isa = PBXFrameworksBuildPhase;
			buildActionMask = 2147483647;
			files = (
			);
			runOnlyForDeploymentPostprocessing = 0;
		};
		FFEBBB4F26223F7F000F475F /* Frameworks */ = {
			isa = PBXFrameworksBuildPhase;
			buildActionMask = 2147483647;
			files = (
			);
			runOnlyForDeploymentPostprocessing = 0;
		};
/* End PBXFrameworksBuildPhase section */

/* Begin PBXGroup section */
		6940242370A54E53B82BF75C /* AmplifyModels */ = {
			isa = PBXGroup;
			children = (
				14F5BDE61EAA4A2DB9030734 /* AmplifyModels.swift */,
				63D0518628EF45A382F08352 /* AWSCategory.swift */,
				551BA45F30D640118D2F0CE2 /* AWSCategory+Schema.swift */,
				0AA54EDF3B34443CA9D530E5 /* AWSTweet.swift */,
				CC43813A9098469FB57F5871 /* AWSTweet+Schema.swift */,
			);
			name = AmplifyModels;
			path = .;
			sourceTree = "<group>";
		};
		6D7FDBA2D37342B39C7F1C69 /* AmplifyConfig */ = {
			isa = PBXGroup;
			children = (
				1E886624D4EE4F64B9160A75 /* amplifytools.xcconfig */,
				ECA1CF04DB754255822691F2 /* amplifyconfiguration.json */,
				DA7D79B731BC4ECFAAE8E817 /* awsconfiguration.json */,
				C952B4BEC598452A8FAD1731 /* schema.graphql */,
			);
			name = AmplifyConfig;
			path = .;
			sourceTree = "<group>";
		};
		91C8958726228CF600689196 /* Models */ = {
			isa = PBXGroup;
			children = (
				FF39431A262FCF4E00A3623B /* Includes.swift */,
				FF39431F262FCF6100A3623B /* Response.swift */,
				91C8958826228D1500689196 /* Tweet.swift */,
				FF394315262FCF3900A3623B /* User.swift */,
				FFCB1096263E31D300544309 /* ReturnedTweet.swift */,
				DB64F8A42726BD5D00361E86 /* Contributor.swift */,
			);
			path = Models;
			sourceTree = "<group>";
		};
		D3D5E0E3271C811500752DCD /* Info */ = {
			isa = PBXGroup;
			children = (
				D3D5E0E4271C811E00752DCD /* InfoViewModel.swift */,
				D3D5E0E6271C812200752DCD /* InfoView.swift */,
			);
			path = Info;
			sourceTree = "<group>";
		};
		D3E1A543270CEE340061ED8C /* Extensions */ = {
			isa = PBXGroup;
			children = (
				D3F7C2EA27173EAC00DB87D9 /* String+Ext.swift */,
			);
			path = Extensions;
			sourceTree = "<group>";
		};
		DB8D63F62767B66E0065A429 /* Localization */ = {
			isa = PBXGroup;
			children = (
				DB8D63FB2767B83B0065A429 /* Localizable.strings */,
				DB8D64002767C3D20065A429 /* Localizable.strings */,
			);
			path = Localization;
			sourceTree = "<group>";
		};
		DBF50B57272467D6000D8B25 /* Settings */ = {
			isa = PBXGroup;
			children = (
				DBF50B58272467F0000D8B25 /* Views */,
				DBF50B53272467CF000D8B25 /* SettingsViewModel.swift */,
			);
			path = Settings;
			sourceTree = "<group>";
		};
		DBF50B58272467F0000D8B25 /* Views */ = {
			isa = PBXGroup;
			children = (
				DBF50B52272467CF000D8B25 /* SettingsView.swift */,
				DBF50B51272467CF000D8B25 /* ContributorsListView.swift */,
				DB64F8A627270A9B00361E86 /* ContributorProfileView.swift */,
			);
			path = Views;
			sourceTree = "<group>";
		};
		FF3942FF262E847000A3623B /* Add */ = {
			isa = PBXGroup;
			children = (
				91739DEA2622D2A7000F982A /* AddURLView.swift */,
				FFBD2093269E7D090015131F /* AddURLViewModel.swift */,
			);
			path = Add;
			sourceTree = "<group>";
		};
		FF39430C262E860E00A3623B /* Managers */ = {
			isa = PBXGroup;
			children = (
				FF5990682622DD61004DF328 /* DataStoreManager.swift */,
			);
			path = Managers;
			sourceTree = "<group>";
		};
		FF39430E262E863000A3623B /* AmplifyModelExtensions */ = {
			isa = PBXGroup;
			children = (
				FF36B660262357F9007A6D7F /* AWSCategory+Extension.swift */,
				FF36B6702623678D007A6D7F /* AWSTweet+Extension.swift */,
			);
			path = AmplifyModelExtensions;
			sourceTree = "<group>";
		};
		FF39432A262FD05700A3623B /* Categories */ = {
			isa = PBXGroup;
			children = (
				FF39432C262FD07D00A3623B /* Views */,
				FF6DCBF12623530400EC366F /* CategoryListViewModel.swift */,
				940E3C61272648310038D6AC /* CategorySheetViewModel.swift */,
			);
			path = Categories;
			sourceTree = "<group>";
		};
		FF39432C262FD07D00A3623B /* Views */ = {
			isa = PBXGroup;
			children = (
				A2F449902622829D00725FEA /* CategoryList.swift */,
				A2F4498B2622802B00725FEA /* CategoryRow.swift */,
				FFCB1098263E3E2D00544309 /* CategorySheetView.swift */,
			);
			path = Views;
			sourceTree = "<group>";
		};
		FF39432D262FD0AD00A3623B /* Tweets */ = {
			isa = PBXGroup;
			children = (
				FF39432E262FD0CF00A3623B /* Views */,
				FF36B66B26235FE6007A6D7F /* TweetListViewModel.swift */,
				FF21986E269FE57D00FFB406 /* AsyncImage.swift */,
			);
			path = Tweets;
			sourceTree = "<group>";
		};
		FF39432E262FD0CF00A3623B /* Views */ = {
			isa = PBXGroup;
			children = (
				A224A9E52622BCED00AC12AF /* TweetCard.swift */,
				A205CD412622A3EB00517DB5 /* TweetList.swift */,
			);
			path = Views;
			sourceTree = "<group>";
		};
		FFEB1B5626A9F9B200682C37 /* Utilities */ = {
			isa = PBXGroup;
			children = (
				FFEB1B5726A9F9C300682C37 /* Alert.swift */,
			);
			path = Utilities;
			sourceTree = "<group>";
		};
		FFEBBB2D26223F75000F475F = {
			isa = PBXGroup;
			children = (
				6940242370A54E53B82BF75C /* AmplifyModels */,
				6D7FDBA2D37342B39C7F1C69 /* AmplifyConfig */,
				FFEBBB3826223F75000F475F /* brain-marks */,
				FFEBBB4A26223F7F000F475F /* brain-marksTests */,
				FFEBBB5526223F7F000F475F /* brain-marksUITests */,
				FFEBBB3726223F75000F475F /* Products */,
			);
			sourceTree = "<group>";
		};
		FFEBBB3726223F75000F475F /* Products */ = {
			isa = PBXGroup;
			children = (
				FFEBBB3626223F75000F475F /* brain-marks.app */,
				FFEBBB4726223F7F000F475F /* brain-marksTests.xctest */,
				FFEBBB5226223F7F000F475F /* brain-marksUITests.xctest */,
			);
			name = Products;
			sourceTree = "<group>";
		};
		FFEBBB3826223F75000F475F /* brain-marks */ = {
			isa = PBXGroup;
			children = (
				FF3942FF262E847000A3623B /* Add */,
				FF39430E262E863000A3623B /* AmplifyModelExtensions */,
				FF39432A262FD05700A3623B /* Categories */,
				D3E1A543270CEE340061ED8C /* Extensions */,
				D3D5E0E3271C811500752DCD /* Info */,
				DBF50B57272467D6000D8B25 /* Settings */,
				FF39430C262E860E00A3623B /* Managers */,
				91C8958726228CF600689196 /* Models */,
				FF39432D262FD0AD00A3623B /* Tweets */,
				FFEB1B5626A9F9B200682C37 /* Utilities */,
				DB8D63F62767B66E0065A429 /* Localization */,
				FFEBBB3926223F75000F475F /* brain_marksApp.swift */,
				FFEBBB3B26223F75000F475F /* ContentView.swift */,
				FFEBBB3D26223F7E000F475F /* Assets.xcassets */,
				FFEBBB4226223F7E000F475F /* Info.plist */,
				FFEBBB3F26223F7E000F475F /* Preview Content */,
				FFEBBB7526226A39000F475F /* Secrets.swift */,
				FFE079F527066FE30022EC61 /* Secrets-Example.swift */,
			);
			path = "brain-marks";
			sourceTree = "<group>";
		};
		FFEBBB3F26223F7E000F475F /* Preview Content */ = {
			isa = PBXGroup;
			children = (
				FFEBBB4026223F7E000F475F /* Preview Assets.xcassets */,
			);
			path = "Preview Content";
			sourceTree = "<group>";
		};
		FFEBBB4A26223F7F000F475F /* brain-marksTests */ = {
			isa = PBXGroup;
			children = (
				FFEBBB4B26223F7F000F475F /* brain_marksTests.swift */,
				FFEBBB4D26223F7F000F475F /* Info.plist */,
			);
			path = "brain-marksTests";
			sourceTree = "<group>";
		};
		FFEBBB5526223F7F000F475F /* brain-marksUITests */ = {
			isa = PBXGroup;
			children = (
				FFEBBB5626223F7F000F475F /* brain_marksUITests.swift */,
				FFEBBB5826223F7F000F475F /* Info.plist */,
			);
			path = "brain-marksUITests";
			sourceTree = "<group>";
		};
/* End PBXGroup section */

/* Begin PBXNativeTarget section */
		FFEBBB3526223F75000F475F /* brain-marks */ = {
			isa = PBXNativeTarget;
			buildConfigurationList = FFEBBB5B26223F7F000F475F /* Build configuration list for PBXNativeTarget "brain-marks" */;
			buildPhases = (
				FFEBBB3226223F75000F475F /* Sources */,
				FFEBBB3326223F75000F475F /* Frameworks */,
				FFEBBB3426223F75000F475F /* Resources */,
				FFEBBB802622755F000F475F /* ShellScript */,
			);
			buildRules = (
			);
			dependencies = (
			);
			name = "brain-marks";
			packageProductDependencies = (
				FF59902A2622C1CE004DF328 /* Amplify */,
				FF59902C2622C1CE004DF328 /* AWSAPIPlugin */,
				FF59902E2622C1CE004DF328 /* AWSDataStorePlugin */,
			);
			productName = "brain-marks";
			productReference = FFEBBB3626223F75000F475F /* brain-marks.app */;
			productType = "com.apple.product-type.application";
		};
		FFEBBB4626223F7F000F475F /* brain-marksTests */ = {
			isa = PBXNativeTarget;
			buildConfigurationList = FFEBBB5E26223F7F000F475F /* Build configuration list for PBXNativeTarget "brain-marksTests" */;
			buildPhases = (
				FFEBBB4326223F7F000F475F /* Sources */,
				FFEBBB4426223F7F000F475F /* Frameworks */,
				FFEBBB4526223F7F000F475F /* Resources */,
			);
			buildRules = (
			);
			dependencies = (
				FFEBBB4926223F7F000F475F /* PBXTargetDependency */,
			);
			name = "brain-marksTests";
			productName = "brain-marksTests";
			productReference = FFEBBB4726223F7F000F475F /* brain-marksTests.xctest */;
			productType = "com.apple.product-type.bundle.unit-test";
		};
		FFEBBB5126223F7F000F475F /* brain-marksUITests */ = {
			isa = PBXNativeTarget;
			buildConfigurationList = FFEBBB6126223F7F000F475F /* Build configuration list for PBXNativeTarget "brain-marksUITests" */;
			buildPhases = (
				FFEBBB4E26223F7F000F475F /* Sources */,
				FFEBBB4F26223F7F000F475F /* Frameworks */,
				FFEBBB5026223F7F000F475F /* Resources */,
			);
			buildRules = (
			);
			dependencies = (
				FFEBBB5426223F7F000F475F /* PBXTargetDependency */,
			);
			name = "brain-marksUITests";
			productName = "brain-marksUITests";
			productReference = FFEBBB5226223F7F000F475F /* brain-marksUITests.xctest */;
			productType = "com.apple.product-type.bundle.ui-testing";
		};
/* End PBXNativeTarget section */

/* Begin PBXProject section */
		FFEBBB2E26223F75000F475F /* Project object */ = {
			isa = PBXProject;
			attributes = {
				LastSwiftUpdateCheck = 1240;
				LastUpgradeCheck = 1320;
				TargetAttributes = {
					FFEBBB3526223F75000F475F = {
						CreatedOnToolsVersion = 12.4;
					};
					FFEBBB4626223F7F000F475F = {
						CreatedOnToolsVersion = 12.4;
						TestTargetID = FFEBBB3526223F75000F475F;
					};
					FFEBBB5126223F7F000F475F = {
						CreatedOnToolsVersion = 12.4;
						TestTargetID = FFEBBB3526223F75000F475F;
					};
				};
			};
			buildConfigurationList = FFEBBB3126223F75000F475F /* Build configuration list for PBXProject "brain-marks" */;
			compatibilityVersion = "Xcode 9.3";
			developmentRegion = en;
			hasScannedForEncodings = 0;
			knownRegions = (
				en,
				Base,
				de,
			);
			mainGroup = FFEBBB2D26223F75000F475F;
			packageReferences = (
				FF5990292622C1CD004DF328 /* XCRemoteSwiftPackageReference "amplify-ios" */,
			);
			productRefGroup = FFEBBB3726223F75000F475F /* Products */;
			projectDirPath = "";
			projectRoot = "";
			targets = (
				FFEBBB3526223F75000F475F /* brain-marks */,
				FFEBBB4626223F7F000F475F /* brain-marksTests */,
				FFEBBB5126223F7F000F475F /* brain-marksUITests */,
			);
		};
/* End PBXProject section */

/* Begin PBXResourcesBuildPhase section */
		FFEBBB3426223F75000F475F /* Resources */ = {
			isa = PBXResourcesBuildPhase;
			buildActionMask = 2147483647;
			files = (
				DB8D63F92767B83B0065A429 /* Localizable.strings in Resources */,
				DB8D63FE2767C3D20065A429 /* Localizable.strings in Resources */,
				FFEBBB4126223F7E000F475F /* Preview Assets.xcassets in Resources */,
				FFEBBB3E26223F7E000F475F /* Assets.xcassets in Resources */,
				20636BDDDBEF4EAE9CCE9D9E /* amplifyconfiguration.json in Resources */,
				9C9314E5631F4C39AA06BF35 /* awsconfiguration.json in Resources */,
			);
			runOnlyForDeploymentPostprocessing = 0;
		};
		FFEBBB4526223F7F000F475F /* Resources */ = {
			isa = PBXResourcesBuildPhase;
			buildActionMask = 2147483647;
			files = (
			);
			runOnlyForDeploymentPostprocessing = 0;
		};
		FFEBBB5026223F7F000F475F /* Resources */ = {
			isa = PBXResourcesBuildPhase;
			buildActionMask = 2147483647;
			files = (
			);
			runOnlyForDeploymentPostprocessing = 0;
		};
/* End PBXResourcesBuildPhase section */

/* Begin PBXShellScriptBuildPhase section */
		FFEBBB802622755F000F475F /* ShellScript */ = {
			isa = PBXShellScriptBuildPhase;
			buildActionMask = 2147483647;
			files = (
			);
			inputFileListPaths = (
			);
			inputPaths = (
			);
			outputFileListPaths = (
			);
			outputPaths = (
			);
			runOnlyForDeploymentPostprocessing = 0;
			shellPath = /bin/sh;
			shellScript = "# Type a script or drag a script file from your workspace to insert its path.\nif which swiftlint >/dev/null; then\n  swiftlint\nelse\n  echo \"warning: SwiftLint not installed, download from https://github.com/realm/SwiftLint\"\nfi\n";
		};
/* End PBXShellScriptBuildPhase section */

/* Begin PBXSourcesBuildPhase section */
		FFEBBB3226223F75000F475F /* Sources */ = {
			isa = PBXSourcesBuildPhase;
			buildActionMask = 2147483647;
			files = (
				91C8958926228D1500689196 /* Tweet.swift in Sources */,
				D3D5E0E7271C812200752DCD /* InfoView.swift in Sources */,
				FFEBBB3C26223F75000F475F /* ContentView.swift in Sources */,
				A224A9E62622BCED00AC12AF /* TweetCard.swift in Sources */,
				FFCB1097263E31D400544309 /* ReturnedTweet.swift in Sources */,
				DBF50B55272467CF000D8B25 /* SettingsView.swift in Sources */,
				FF21986F269FE57D00FFB406 /* AsyncImage.swift in Sources */,
				D3D5E0E5271C811E00752DCD /* InfoViewModel.swift in Sources */,
				FFEB1B5826A9F9C300682C37 /* Alert.swift in Sources */,
				FF36B6712623678D007A6D7F /* AWSTweet+Extension.swift in Sources */,
				D3F7C2EB27173EAC00DB87D9 /* String+Ext.swift in Sources */,
				FFEBBB7626226A39000F475F /* Secrets.swift in Sources */,
				DB64F8A52726BD5D00361E86 /* Contributor.swift in Sources */,
				A2F449912622829D00725FEA /* CategoryList.swift in Sources */,
				A2F4498C2622802B00725FEA /* CategoryRow.swift in Sources */,
				FF5990692622DD61004DF328 /* DataStoreManager.swift in Sources */,
				FFCB1099263E3E2D00544309 /* CategorySheetView.swift in Sources */,
				FF394316262FCF3900A3623B /* User.swift in Sources */,
				FFEBBB3A26223F75000F475F /* brain_marksApp.swift in Sources */,
				CA80832580B84CB3A2D5F629 /* AmplifyModels.swift in Sources */,
				DBF50B56272467CF000D8B25 /* SettingsViewModel.swift in Sources */,
				C0DAFC52B24C456EAE5AEF21 /* AWSCategory.swift in Sources */,
				684E2F2D3FCC4D36AC68E57D /* AWSCategory+Schema.swift in Sources */,
				DBF50B54272467CF000D8B25 /* ContributorsListView.swift in Sources */,
				FFBD2094269E7D090015131F /* AddURLViewModel.swift in Sources */,
				CF16AFB9BE3F401E98C85114 /* AWSTweet.swift in Sources */,
				FF36B661262357F9007A6D7F /* AWSCategory+Extension.swift in Sources */,
				FF36B66C26235FE6007A6D7F /* TweetListViewModel.swift in Sources */,
				940E3C62272648310038D6AC /* CategorySheetViewModel.swift in Sources */,
				C4392E80BFE640DAA2625F9D /* AWSTweet+Schema.swift in Sources */,
				A205CD422622A3EB00517DB5 /* TweetList.swift in Sources */,
				FF394320262FCF6100A3623B /* Response.swift in Sources */,
				FF6DCBF22623530400EC366F /* CategoryListViewModel.swift in Sources */,
				FFE079F627066FE30022EC61 /* Secrets-Example.swift in Sources */,
				DB64F8A727270A9B00361E86 /* ContributorProfileView.swift in Sources */,
				FF39431B262FCF4E00A3623B /* Includes.swift in Sources */,
				91739DEB2622D2A7000F982A /* AddURLView.swift in Sources */,
			);
			runOnlyForDeploymentPostprocessing = 0;
		};
		FFEBBB4326223F7F000F475F /* Sources */ = {
			isa = PBXSourcesBuildPhase;
			buildActionMask = 2147483647;
			files = (
				FFEBBB4C26223F7F000F475F /* brain_marksTests.swift in Sources */,
			);
			runOnlyForDeploymentPostprocessing = 0;
		};
		FFEBBB4E26223F7F000F475F /* Sources */ = {
			isa = PBXSourcesBuildPhase;
			buildActionMask = 2147483647;
			files = (
				FFEBBB5726223F7F000F475F /* brain_marksUITests.swift in Sources */,
			);
			runOnlyForDeploymentPostprocessing = 0;
		};
/* End PBXSourcesBuildPhase section */

/* Begin PBXTargetDependency section */
		FFEBBB4926223F7F000F475F /* PBXTargetDependency */ = {
			isa = PBXTargetDependency;
			target = FFEBBB3526223F75000F475F /* brain-marks */;
			targetProxy = FFEBBB4826223F7F000F475F /* PBXContainerItemProxy */;
		};
		FFEBBB5426223F7F000F475F /* PBXTargetDependency */ = {
			isa = PBXTargetDependency;
			target = FFEBBB3526223F75000F475F /* brain-marks */;
			targetProxy = FFEBBB5326223F7F000F475F /* PBXContainerItemProxy */;
		};
/* End PBXTargetDependency section */

/* Begin PBXVariantGroup section */
		DB8D63FB2767B83B0065A429 /* Localizable.strings */ = {
			isa = PBXVariantGroup;
			children = (
				DB8D63FA2767B83B0065A429 /* en */,
			);
			name = Localizable.strings;
			sourceTree = "<group>";
		};
		DB8D64002767C3D20065A429 /* Localizable.strings */ = {
			isa = PBXVariantGroup;
			children = (
				DB8D63FF2767C3D20065A429 /* de */,
			);
			name = Localizable.strings;
			sourceTree = "<group>";
		};
/* End PBXVariantGroup section */

/* Begin XCBuildConfiguration section */
		FFEBBB5926223F7F000F475F /* Debug */ = {
			isa = XCBuildConfiguration;
			buildSettings = {
				ALWAYS_SEARCH_USER_PATHS = NO;
				CLANG_ANALYZER_LOCALIZABILITY_NONLOCALIZED = YES;
				CLANG_ANALYZER_NONNULL = YES;
				CLANG_ANALYZER_NUMBER_OBJECT_CONVERSION = YES_AGGRESSIVE;
				CLANG_CXX_LANGUAGE_STANDARD = "gnu++14";
				CLANG_CXX_LIBRARY = "libc++";
				CLANG_ENABLE_MODULES = YES;
				CLANG_ENABLE_OBJC_ARC = YES;
				CLANG_ENABLE_OBJC_WEAK = YES;
				CLANG_WARN_BLOCK_CAPTURE_AUTORELEASING = YES;
				CLANG_WARN_BOOL_CONVERSION = YES;
				CLANG_WARN_COMMA = YES;
				CLANG_WARN_CONSTANT_CONVERSION = YES;
				CLANG_WARN_DEPRECATED_OBJC_IMPLEMENTATIONS = YES;
				CLANG_WARN_DIRECT_OBJC_ISA_USAGE = YES_ERROR;
				CLANG_WARN_DOCUMENTATION_COMMENTS = YES;
				CLANG_WARN_EMPTY_BODY = YES;
				CLANG_WARN_ENUM_CONVERSION = YES;
				CLANG_WARN_INFINITE_RECURSION = YES;
				CLANG_WARN_INT_CONVERSION = YES;
				CLANG_WARN_NON_LITERAL_NULL_CONVERSION = YES;
				CLANG_WARN_OBJC_IMPLICIT_RETAIN_SELF = YES;
				CLANG_WARN_OBJC_LITERAL_CONVERSION = YES;
				CLANG_WARN_OBJC_ROOT_CLASS = YES_ERROR;
				CLANG_WARN_QUOTED_INCLUDE_IN_FRAMEWORK_HEADER = YES;
				CLANG_WARN_RANGE_LOOP_ANALYSIS = YES;
				CLANG_WARN_STRICT_PROTOTYPES = YES;
				CLANG_WARN_SUSPICIOUS_MOVE = YES;
				CLANG_WARN_UNGUARDED_AVAILABILITY = YES_AGGRESSIVE;
				CLANG_WARN_UNREACHABLE_CODE = YES;
				CLANG_WARN__DUPLICATE_METHOD_MATCH = YES;
				COPY_PHASE_STRIP = NO;
				DEBUG_INFORMATION_FORMAT = dwarf;
				ENABLE_STRICT_OBJC_MSGSEND = YES;
				ENABLE_TESTABILITY = YES;
				GCC_C_LANGUAGE_STANDARD = gnu11;
				GCC_DYNAMIC_NO_PIC = NO;
				GCC_NO_COMMON_BLOCKS = YES;
				GCC_OPTIMIZATION_LEVEL = 0;
				GCC_PREPROCESSOR_DEFINITIONS = (
					"DEBUG=1",
					"$(inherited)",
				);
				GCC_WARN_64_TO_32_BIT_CONVERSION = YES;
				GCC_WARN_ABOUT_RETURN_TYPE = YES_ERROR;
				GCC_WARN_UNDECLARED_SELECTOR = YES;
				GCC_WARN_UNINITIALIZED_AUTOS = YES_AGGRESSIVE;
				GCC_WARN_UNUSED_FUNCTION = YES;
				GCC_WARN_UNUSED_VARIABLE = YES;
				IPHONEOS_DEPLOYMENT_TARGET = 14.4;
				MTL_ENABLE_DEBUG_INFO = INCLUDE_SOURCE;
				MTL_FAST_MATH = YES;
				ONLY_ACTIVE_ARCH = YES;
				SDKROOT = iphoneos;
				SWIFT_ACTIVE_COMPILATION_CONDITIONS = DEBUG;
				SWIFT_EMIT_LOC_STRINGS = YES;
				SWIFT_OPTIMIZATION_LEVEL = "-Onone";
			};
			name = Debug;
		};
		FFEBBB5A26223F7F000F475F /* Release */ = {
			isa = XCBuildConfiguration;
			buildSettings = {
				ALWAYS_SEARCH_USER_PATHS = NO;
				CLANG_ANALYZER_LOCALIZABILITY_NONLOCALIZED = YES;
				CLANG_ANALYZER_NONNULL = YES;
				CLANG_ANALYZER_NUMBER_OBJECT_CONVERSION = YES_AGGRESSIVE;
				CLANG_CXX_LANGUAGE_STANDARD = "gnu++14";
				CLANG_CXX_LIBRARY = "libc++";
				CLANG_ENABLE_MODULES = YES;
				CLANG_ENABLE_OBJC_ARC = YES;
				CLANG_ENABLE_OBJC_WEAK = YES;
				CLANG_WARN_BLOCK_CAPTURE_AUTORELEASING = YES;
				CLANG_WARN_BOOL_CONVERSION = YES;
				CLANG_WARN_COMMA = YES;
				CLANG_WARN_CONSTANT_CONVERSION = YES;
				CLANG_WARN_DEPRECATED_OBJC_IMPLEMENTATIONS = YES;
				CLANG_WARN_DIRECT_OBJC_ISA_USAGE = YES_ERROR;
				CLANG_WARN_DOCUMENTATION_COMMENTS = YES;
				CLANG_WARN_EMPTY_BODY = YES;
				CLANG_WARN_ENUM_CONVERSION = YES;
				CLANG_WARN_INFINITE_RECURSION = YES;
				CLANG_WARN_INT_CONVERSION = YES;
				CLANG_WARN_NON_LITERAL_NULL_CONVERSION = YES;
				CLANG_WARN_OBJC_IMPLICIT_RETAIN_SELF = YES;
				CLANG_WARN_OBJC_LITERAL_CONVERSION = YES;
				CLANG_WARN_OBJC_ROOT_CLASS = YES_ERROR;
				CLANG_WARN_QUOTED_INCLUDE_IN_FRAMEWORK_HEADER = YES;
				CLANG_WARN_RANGE_LOOP_ANALYSIS = YES;
				CLANG_WARN_STRICT_PROTOTYPES = YES;
				CLANG_WARN_SUSPICIOUS_MOVE = YES;
				CLANG_WARN_UNGUARDED_AVAILABILITY = YES_AGGRESSIVE;
				CLANG_WARN_UNREACHABLE_CODE = YES;
				CLANG_WARN__DUPLICATE_METHOD_MATCH = YES;
				COPY_PHASE_STRIP = NO;
				DEBUG_INFORMATION_FORMAT = "dwarf-with-dsym";
				ENABLE_NS_ASSERTIONS = NO;
				ENABLE_STRICT_OBJC_MSGSEND = YES;
				GCC_C_LANGUAGE_STANDARD = gnu11;
				GCC_NO_COMMON_BLOCKS = YES;
				GCC_WARN_64_TO_32_BIT_CONVERSION = YES;
				GCC_WARN_ABOUT_RETURN_TYPE = YES_ERROR;
				GCC_WARN_UNDECLARED_SELECTOR = YES;
				GCC_WARN_UNINITIALIZED_AUTOS = YES_AGGRESSIVE;
				GCC_WARN_UNUSED_FUNCTION = YES;
				GCC_WARN_UNUSED_VARIABLE = YES;
				IPHONEOS_DEPLOYMENT_TARGET = 14.4;
				MTL_ENABLE_DEBUG_INFO = NO;
				MTL_FAST_MATH = YES;
				SDKROOT = iphoneos;
				SWIFT_COMPILATION_MODE = wholemodule;
				SWIFT_EMIT_LOC_STRINGS = YES;
				SWIFT_OPTIMIZATION_LEVEL = "-O";
				VALIDATE_PRODUCT = YES;
			};
			name = Release;
		};
		FFEBBB5C26223F7F000F475F /* Debug */ = {
			isa = XCBuildConfiguration;
			buildSettings = {
				ASSETCATALOG_COMPILER_APPICON_NAME = AppIcon;
				ASSETCATALOG_COMPILER_GLOBAL_ACCENT_COLOR_NAME = AccentColor;
				CODE_SIGN_STYLE = Automatic;
				DEVELOPMENT_ASSET_PATHS = "\"brain-marks/Preview Content\"";
				DEVELOPMENT_TEAM = Y535846H6P;
				ENABLE_PREVIEWS = YES;
				INFOPLIST_FILE = "brain-marks/Info.plist";
				IPHONEOS_DEPLOYMENT_TARGET = 14.0;
				LD_RUNPATH_SEARCH_PATHS = (
					"$(inherited)",
					"@executable_path/Frameworks",
				);
				MARKETING_VERSION = 1.1;
				PRODUCT_BUNDLE_IDENTIFIER = com.mikaelacaron.brainmarks;
				PRODUCT_NAME = "$(TARGET_NAME)";
				SWIFT_VERSION = 5.0;
				TARGETED_DEVICE_FAMILY = "1,2";
			};
			name = Debug;
		};
		FFEBBB5D26223F7F000F475F /* Release */ = {
			isa = XCBuildConfiguration;
			buildSettings = {
				ASSETCATALOG_COMPILER_APPICON_NAME = AppIcon;
				ASSETCATALOG_COMPILER_GLOBAL_ACCENT_COLOR_NAME = AccentColor;
				CODE_SIGN_STYLE = Automatic;
				DEVELOPMENT_ASSET_PATHS = "\"brain-marks/Preview Content\"";
				DEVELOPMENT_TEAM = Y535846H6P;
				ENABLE_PREVIEWS = YES;
				INFOPLIST_FILE = "brain-marks/Info.plist";
				IPHONEOS_DEPLOYMENT_TARGET = 14.0;
				LD_RUNPATH_SEARCH_PATHS = (
					"$(inherited)",
					"@executable_path/Frameworks",
				);
				MARKETING_VERSION = 1.1;
				PRODUCT_BUNDLE_IDENTIFIER = com.mikaelacaron.brainmarks;
				PRODUCT_NAME = "$(TARGET_NAME)";
				PROVISIONING_PROFILE_SPECIFIER = "";
				SWIFT_VERSION = 5.0;
				TARGETED_DEVICE_FAMILY = "1,2";
			};
			name = Release;
		};
		FFEBBB5F26223F7F000F475F /* Debug */ = {
			isa = XCBuildConfiguration;
			buildSettings = {
				ALWAYS_EMBED_SWIFT_STANDARD_LIBRARIES = YES;
				BUNDLE_LOADER = "$(TEST_HOST)";
				CODE_SIGN_STYLE = Automatic;
				DEVELOPMENT_TEAM = Y535846H6P;
				INFOPLIST_FILE = "brain-marksTests/Info.plist";
				IPHONEOS_DEPLOYMENT_TARGET = 14.0;
				LD_RUNPATH_SEARCH_PATHS = (
					"$(inherited)",
					"@executable_path/Frameworks",
					"@loader_path/Frameworks",
				);
				PRODUCT_BUNDLE_IDENTIFIER = "com.mikaelacaron.brain-marksTests";
				PRODUCT_NAME = "$(TARGET_NAME)";
				SWIFT_VERSION = 5.0;
				TARGETED_DEVICE_FAMILY = "1,2";
				TEST_HOST = "$(BUILT_PRODUCTS_DIR)/brain-marks.app/brain-marks";
			};
			name = Debug;
		};
		FFEBBB6026223F7F000F475F /* Release */ = {
			isa = XCBuildConfiguration;
			buildSettings = {
				ALWAYS_EMBED_SWIFT_STANDARD_LIBRARIES = YES;
				BUNDLE_LOADER = "$(TEST_HOST)";
				CODE_SIGN_STYLE = Automatic;
				DEVELOPMENT_TEAM = Y535846H6P;
				INFOPLIST_FILE = "brain-marksTests/Info.plist";
				IPHONEOS_DEPLOYMENT_TARGET = 14.0;
				LD_RUNPATH_SEARCH_PATHS = (
					"$(inherited)",
					"@executable_path/Frameworks",
					"@loader_path/Frameworks",
				);
				PRODUCT_BUNDLE_IDENTIFIER = "com.mikaelacaron.brain-marksTests";
				PRODUCT_NAME = "$(TARGET_NAME)";
				SWIFT_VERSION = 5.0;
				TARGETED_DEVICE_FAMILY = "1,2";
				TEST_HOST = "$(BUILT_PRODUCTS_DIR)/brain-marks.app/brain-marks";
			};
			name = Release;
		};
		FFEBBB6226223F7F000F475F /* Debug */ = {
			isa = XCBuildConfiguration;
			buildSettings = {
				ALWAYS_EMBED_SWIFT_STANDARD_LIBRARIES = YES;
				CODE_SIGN_STYLE = Automatic;
				DEVELOPMENT_TEAM = Y535846H6P;
				INFOPLIST_FILE = "brain-marksUITests/Info.plist";
				LD_RUNPATH_SEARCH_PATHS = (
					"$(inherited)",
					"@executable_path/Frameworks",
					"@loader_path/Frameworks",
				);
				PRODUCT_BUNDLE_IDENTIFIER = "com.mikaelacaron.brain-marksUITests";
				PRODUCT_NAME = "$(TARGET_NAME)";
				SWIFT_VERSION = 5.0;
				TARGETED_DEVICE_FAMILY = "1,2";
				TEST_TARGET_NAME = "brain-marks";
			};
			name = Debug;
		};
		FFEBBB6326223F7F000F475F /* Release */ = {
			isa = XCBuildConfiguration;
			buildSettings = {
				ALWAYS_EMBED_SWIFT_STANDARD_LIBRARIES = YES;
				CODE_SIGN_STYLE = Automatic;
				DEVELOPMENT_TEAM = Y535846H6P;
				INFOPLIST_FILE = "brain-marksUITests/Info.plist";
				LD_RUNPATH_SEARCH_PATHS = (
					"$(inherited)",
					"@executable_path/Frameworks",
					"@loader_path/Frameworks",
				);
				PRODUCT_BUNDLE_IDENTIFIER = "com.mikaelacaron.brain-marksUITests";
				PRODUCT_NAME = "$(TARGET_NAME)";
				SWIFT_VERSION = 5.0;
				TARGETED_DEVICE_FAMILY = "1,2";
				TEST_TARGET_NAME = "brain-marks";
			};
			name = Release;
		};
/* End XCBuildConfiguration section */

/* Begin XCConfigurationList section */
		FFEBBB3126223F75000F475F /* Build configuration list for PBXProject "brain-marks" */ = {
			isa = XCConfigurationList;
			buildConfigurations = (
				FFEBBB5926223F7F000F475F /* Debug */,
				FFEBBB5A26223F7F000F475F /* Release */,
			);
			defaultConfigurationIsVisible = 0;
			defaultConfigurationName = Release;
		};
		FFEBBB5B26223F7F000F475F /* Build configuration list for PBXNativeTarget "brain-marks" */ = {
			isa = XCConfigurationList;
			buildConfigurations = (
				FFEBBB5C26223F7F000F475F /* Debug */,
				FFEBBB5D26223F7F000F475F /* Release */,
			);
			defaultConfigurationIsVisible = 0;
			defaultConfigurationName = Release;
		};
		FFEBBB5E26223F7F000F475F /* Build configuration list for PBXNativeTarget "brain-marksTests" */ = {
			isa = XCConfigurationList;
			buildConfigurations = (
				FFEBBB5F26223F7F000F475F /* Debug */,
				FFEBBB6026223F7F000F475F /* Release */,
			);
			defaultConfigurationIsVisible = 0;
			defaultConfigurationName = Release;
		};
		FFEBBB6126223F7F000F475F /* Build configuration list for PBXNativeTarget "brain-marksUITests" */ = {
			isa = XCConfigurationList;
			buildConfigurations = (
				FFEBBB6226223F7F000F475F /* Debug */,
				FFEBBB6326223F7F000F475F /* Release */,
			);
			defaultConfigurationIsVisible = 0;
			defaultConfigurationName = Release;
		};
/* End XCConfigurationList section */

/* Begin XCRemoteSwiftPackageReference section */
		FF5990292622C1CD004DF328 /* XCRemoteSwiftPackageReference "amplify-ios" */ = {
			isa = XCRemoteSwiftPackageReference;
			repositoryURL = "https://github.com/aws-amplify/amplify-ios";
			requirement = {
				kind = exactVersion;
				version = 1.14.0;
			};
		};
/* End XCRemoteSwiftPackageReference section */

/* Begin XCSwiftPackageProductDependency section */
		FF59902A2622C1CE004DF328 /* Amplify */ = {
			isa = XCSwiftPackageProductDependency;
			package = FF5990292622C1CD004DF328 /* XCRemoteSwiftPackageReference "amplify-ios" */;
			productName = Amplify;
		};
		FF59902C2622C1CE004DF328 /* AWSAPIPlugin */ = {
			isa = XCSwiftPackageProductDependency;
			package = FF5990292622C1CD004DF328 /* XCRemoteSwiftPackageReference "amplify-ios" */;
			productName = AWSAPIPlugin;
		};
		FF59902E2622C1CE004DF328 /* AWSDataStorePlugin */ = {
			isa = XCSwiftPackageProductDependency;
			package = FF5990292622C1CD004DF328 /* XCRemoteSwiftPackageReference "amplify-ios" */;
			productName = AWSDataStorePlugin;
		};
/* End XCSwiftPackageProductDependency section */
	};
	rootObject = FFEBBB2E26223F75000F475F /* Project object */;
}
